
Microsoft Visual Studio Solution File, Format Version 12.00
# Visual Studio 2012
Project("{F088123C-0E9E-452A-89E6-6BA2F21D5CAC}") = "ChatroomModel", "ChatroomModel\ChatroomModel.modelproj", "{FF75DF0B-CF64-4049-A3F8-AB7875A96CCE}"
EndProject
Global
	GlobalSection(SolutionConfigurationPlatforms) = preSolution
		Debug|Any CPU = Debug|Any CPU
		Release|Any CPU = Release|Any CPU
	EndGlobalSection
	GlobalSection(ProjectConfigurationPlatforms) = postSolution
		{FF75DF0B-CF64-4049-A3F8-AB7875A96CCE}.Debug|Any CPU.ActiveCfg = Debug|Any CPU
		{FF75DF0B-CF64-4049-A3F8-AB7875A96CCE}.Debug|Any CPU.Build.0 = Debug|Any CPU
		{FF75DF0B-CF64-4049-A3F8-AB7875A96CCE}.Release|Any CPU.ActiveCfg = Release|Any CPU
		{FF75DF0B-CF64-4049-A3F8-AB7875A96CCE}.Release|Any CPU.Build.0 = Release|Any CPU
	EndGlobalSection
	GlobalSection(SolutionProperties) = preSolution
		HideSolutionNode = FALSE
	EndGlobalSection
EndGlobal
