
Microsoft Visual Studio Solution File, Format Version 12.00
# Visual Studio 2012
Project("{E24C65DC-7377-472B-9ABA-BC803B73C61A}") = "source", ".", "{6E10761D-29F4-4E3F-94E4-BC4F3C3CBE22}"
	ProjectSection(WebsiteProperties) = preProject
		TargetFrameworkMoniker = ".NETFramework,Version%3Dv4.0"
		Debug.AspNetCompiler.VirtualPath = "/source"
		Debug.AspNetCompiler.PhysicalPath = "..\..\..\GitHub\OCR\source\"
		Debug.AspNetCompiler.TargetPath = "PrecompiledWeb\source\"
		Debug.AspNetCompiler.Updateable = "true"
		Debug.AspNetCompiler.ForceOverwrite = "true"
		Debug.AspNetCompiler.FixedNames = "false"
		Debug.AspNetCompiler.Debug = "True"
		Release.AspNetCompiler.VirtualPath = "/source"
		Release.AspNetCompiler.PhysicalPath = "..\..\..\GitHub\OCR\source\"
		Release.AspNetCompiler.TargetPath = "PrecompiledWeb\source\"
		Release.AspNetCompiler.Updateable = "true"
		Release.AspNetCompiler.ForceOverwrite = "true"
		Release.AspNetCompiler.FixedNames = "false"
		Release.AspNetCompiler.Debug = "False"
		VWDPort = "6532"
	EndProjectSection
EndProject
Global
	GlobalSection(SolutionConfigurationPlatforms) = preSolution
		Debug|Any CPU = Debug|Any CPU
	EndGlobalSection
	GlobalSection(ProjectConfigurationPlatforms) = postSolution
		{6E10761D-29F4-4E3F-94E4-BC4F3C3CBE22}.Debug|Any CPU.ActiveCfg = Debug|Any CPU
		{6E10761D-29F4-4E3F-94E4-BC4F3C3CBE22}.Debug|Any CPU.Build.0 = Debug|Any CPU
	EndGlobalSection
	GlobalSection(SolutionProperties) = preSolution
		HideSolutionNode = FALSE
	EndGlobalSection
EndGlobal
